
Microsoft Visual Studio Solution File, Format Version 12.00
# Visual Studio 2013
VisualStudioVersion = 12.0.40629.0
MinimumVisualStudioVersion = 10.0.40219.1
Project("{8BC9CEB8-8B4A-11D0-8D11-00A0C91BC942}") = "DirectXTutorial", "DirectXTutorial\DirectXTutorial.vcxproj", "{0162198B-500F-432F-BF04-CF9309288260}"
EndProject
Project("{8BC9CEB8-8B4A-11D0-8D11-00A0C91BC942}") = "GDIDemoCore", "GDIDemoCore\GDIDemoCore.vcxproj", "{C9B7EEE3-1A3F-4A2A-A7F5-7D53CF9D4FE2}"
EndProject
Project("{8BC9CEB8-8B4A-11D0-8D11-00A0C91BC942}") = "GDIdemo4", "GDIdemo4\GDIdemo4.vcxproj", "{A074A9D3-4F4D-4EBA-BE01-EFE36D13F607}"
EndProject
Project("{8BC9CEB8-8B4A-11D0-8D11-00A0C91BC942}") = "GDIDemo5", "GDIDemo5\GDIDemo5.vcxproj", "{B69BF49F-FF24-4891-A6E9-33EA55FBAD02}"
EndProject
Global
	GlobalSection(SolutionConfigurationPlatforms) = preSolution
		Debug|Win32 = Debug|Win32
		Release|Win32 = Release|Win32
	EndGlobalSection
	GlobalSection(ProjectConfigurationPlatforms) = postSolution
		{0162198B-500F-432F-BF04-CF9309288260}.Debug|Win32.ActiveCfg = Debug|Win32
		{0162198B-500F-432F-BF04-CF9309288260}.Debug|Win32.Build.0 = Debug|Win32
		{0162198B-500F-432F-BF04-CF9309288260}.Release|Win32.ActiveCfg = Release|Win32
		{0162198B-500F-432F-BF04-CF9309288260}.Release|Win32.Build.0 = Release|Win32
		{C9B7EEE3-1A3F-4A2A-A7F5-7D53CF9D4FE2}.Debug|Win32.ActiveCfg = Debug|Win32
		{C9B7EEE3-1A3F-4A2A-A7F5-7D53CF9D4FE2}.Debug|Win32.Build.0 = Debug|Win32
		{C9B7EEE3-1A3F-4A2A-A7F5-7D53CF9D4FE2}.Release|Win32.ActiveCfg = Release|Win32
		{C9B7EEE3-1A3F-4A2A-A7F5-7D53CF9D4FE2}.Release|Win32.Build.0 = Release|Win32
		{A074A9D3-4F4D-4EBA-BE01-EFE36D13F607}.Debug|Win32.ActiveCfg = Debug|Win32
		{A074A9D3-4F4D-4EBA-BE01-EFE36D13F607}.Debug|Win32.Build.0 = Debug|Win32
		{A074A9D3-4F4D-4EBA-BE01-EFE36D13F607}.Release|Win32.ActiveCfg = Release|Win32
		{A074A9D3-4F4D-4EBA-BE01-EFE36D13F607}.Release|Win32.Build.0 = Release|Win32
		{B69BF49F-FF24-4891-A6E9-33EA55FBAD02}.Debug|Win32.ActiveCfg = Debug|Win32
		{B69BF49F-FF24-4891-A6E9-33EA55FBAD02}.Debug|Win32.Build.0 = Debug|Win32
		{B69BF49F-FF24-4891-A6E9-33EA55FBAD02}.Release|Win32.ActiveCfg = Release|Win32
		{B69BF49F-FF24-4891-A6E9-33EA55FBAD02}.Release|Win32.Build.0 = Release|Win32
	EndGlobalSection
	GlobalSection(SolutionProperties) = preSolution
		HideSolutionNode = FALSE
	EndGlobalSection
EndGlobal
